
Microsoft Visual Studio Solution File, Format Version 12.00
# Visual Studio Version 16
VisualStudioVersion = 16.0.30907.101
MinimumVisualStudioVersion = 10.0.40219.1
Project("{FAE04EC0-301F-11D3-BF4B-00C04F79EFBC}") = "WpfApp67", "WpfApp67.csproj", "{A467C045-6C0E-461E-84D1-E0DA290DA094}"
EndProject
Global
	GlobalSection(SolutionConfigurationPlatforms) = preSolution
		Debug|Any CPU = Debug|Any CPU
		Release|Any CPU = Release|Any CPU
	EndGlobalSection
	GlobalSection(ProjectConfigurationPlatforms) = postSolution
		{A467C045-6C0E-461E-84D1-E0DA290DA094}.Debug|Any CPU.ActiveCfg = Debug|Any CPU
		{A467C045-6C0E-461E-84D1-E0DA290DA094}.Debug|Any CPU.Build.0 = Debug|Any CPU
		{A467C045-6C0E-461E-84D1-E0DA290DA094}.Release|Any CPU.ActiveCfg = Release|Any CPU
		{A467C045-6C0E-461E-84D1-E0DA290DA094}.Release|Any CPU.Build.0 = Release|Any CPU
	EndGlobalSection
	GlobalSection(SolutionProperties) = preSolution
		HideSolutionNode = FALSE
	EndGlobalSection
	GlobalSection(ExtensibilityGlobals) = postSolution
		SolutionGuid = {A7E91821-00F6-4BD3-83C1-CC973A95F645}
	EndGlobalSection
EndGlobal
